github.com/victoriadrake/hugo-theme-memex v0.0.0-20211004111126-8f663cd7d5ac h1:TzrWmh8JKo9cmMyLla/zHo4WJ3MhjFrYUsStY0CCxcY=
github.com/victoriadrake/hugo-theme-memex v0.0.0-20211004111126-8f663cd7d5ac/go.mod h1:Me70BvO3CLK/jBGIua6CggFgIzkiWoCQpj7ZMGTlh80=
github.com/victoriadrake/hugo-theme-memex v0.0.0-20211004122953-fb4d80432690 h1:/BQXUMRd4ySW2Jku027sZFm27wVJ0z+ZcpR9CpR1TC0=
github.com/victoriadrake/hugo-theme-memex v0.0.0-20211004122953-fb4d80432690/go.mod h1:Me70BvO3CLK/jBGIua6CggFgIzkiWoCQpj7ZMGTlh80=
github.com/victoriadrake/hugo-theme-memex v0.0.0-20211006234503-153e201e62ae h1:KTcbNxXaEbTYeOx+qKdWVVgQzK4sO3zAWJQ4RhpP4qI=
github.com/victoriadrake/hugo-theme-memex v0.0.0-20211006234503-153e201e62ae/go.mod h1:Me70BvO3CLK/jBGIua6CggFgIzkiWoCQpj7ZMGTlh80=
